
Microsoft Visual Studio Solution File, Format Version 12.00
# Visual Studio Version 16
VisualStudioVersion = 16.0.29519.87
MinimumVisualStudioVersion = 10.0.40219.1
Project("{9A19103F-16F7-4668-BE54-9A1E7A4F7556}") = "ClientWebAPI.Web", "ClientWebAPI.Web\ClientWebAPI.Web.csproj", "{83A91AB8-2C12-4B05-91DC-F30F1E291D5F}"
EndProject
Project("{2150E333-8FDC-42A3-9474-1A3956D46DE8}") = "1 - Application", "1 - Application", "{620C24EC-BB25-4E7F-B752-F05A8669F2E1}"
EndProject
Project("{2150E333-8FDC-42A3-9474-1A3956D46DE8}") = "4 - UnitTest", "4 - UnitTest", "{810FCF13-C16E-4B50-9715-A654E88E729A}"
EndProject
Project("{9A19103F-16F7-4668-BE54-9A1E7A4F7556}") = "ClientWebAPI.UnitTests", "ClientWebAPI.UnitTests\ClientWebAPI.UnitTests.csproj", "{E2ACC178-0E20-4C4C-9AAA-16F0203911DD}"
EndProject
Project("{2150E333-8FDC-42A3-9474-1A3956D46DE8}") = "2 - Repository", "2 - Repository", "{8CD8A219-5174-432B-9519-A76BC5909F3E}"
EndProject
Project("{9A19103F-16F7-4668-BE54-9A1E7A4F7556}") = "ClientWebAPI.Repository", "ClientWebAPI.Repository\ClientWebAPI.Repository.csproj", "{1CFE2DF3-AEF3-4A2E-AF9E-709D6B25F091}"
EndProject
Project("{2150E333-8FDC-42A3-9474-1A3956D46DE8}") = "3 - Domain", "3 - Domain", "{31496BC3-F51A-4662-8456-9824097A7C4F}"
EndProject
Project("{9A19103F-16F7-4668-BE54-9A1E7A4F7556}") = "ClientWebAPI.Domain", "ClientWebAPI.Domain\ClientWebAPI.Domain.csproj", "{E8514625-2661-45E2-8CEC-46C7B9C49972}"
EndProject
Global
	GlobalSection(SolutionConfigurationPlatforms) = preSolution
		Debug|Any CPU = Debug|Any CPU
		Release|Any CPU = Release|Any CPU
	EndGlobalSection
	GlobalSection(ProjectConfigurationPlatforms) = postSolution
		{83A91AB8-2C12-4B05-91DC-F30F1E291D5F}.Debug|Any CPU.ActiveCfg = Debug|Any CPU
		{83A91AB8-2C12-4B05-91DC-F30F1E291D5F}.Debug|Any CPU.Build.0 = Debug|Any CPU
		{83A91AB8-2C12-4B05-91DC-F30F1E291D5F}.Release|Any CPU.ActiveCfg = Release|Any CPU
		{83A91AB8-2C12-4B05-91DC-F30F1E291D5F}.Release|Any CPU.Build.0 = Release|Any CPU
		{E2ACC178-0E20-4C4C-9AAA-16F0203911DD}.Debug|Any CPU.ActiveCfg = Debug|Any CPU
		{E2ACC178-0E20-4C4C-9AAA-16F0203911DD}.Debug|Any CPU.Build.0 = Debug|Any CPU
		{E2ACC178-0E20-4C4C-9AAA-16F0203911DD}.Release|Any CPU.ActiveCfg = Release|Any CPU
		{E2ACC178-0E20-4C4C-9AAA-16F0203911DD}.Release|Any CPU.Build.0 = Release|Any CPU
		{1CFE2DF3-AEF3-4A2E-AF9E-709D6B25F091}.Debug|Any CPU.ActiveCfg = Debug|Any CPU
		{1CFE2DF3-AEF3-4A2E-AF9E-709D6B25F091}.Debug|Any CPU.Build.0 = Debug|Any CPU
		{1CFE2DF3-AEF3-4A2E-AF9E-709D6B25F091}.Release|Any CPU.ActiveCfg = Release|Any CPU
		{1CFE2DF3-AEF3-4A2E-AF9E-709D6B25F091}.Release|Any CPU.Build.0 = Release|Any CPU
		{E8514625-2661-45E2-8CEC-46C7B9C49972}.Debug|Any CPU.ActiveCfg = Debug|Any CPU
		{E8514625-2661-45E2-8CEC-46C7B9C49972}.Debug|Any CPU.Build.0 = Debug|Any CPU
		{E8514625-2661-45E2-8CEC-46C7B9C49972}.Release|Any CPU.ActiveCfg = Release|Any CPU
		{E8514625-2661-45E2-8CEC-46C7B9C49972}.Release|Any CPU.Build.0 = Release|Any CPU
	EndGlobalSection
	GlobalSection(SolutionProperties) = preSolution
		HideSolutionNode = FALSE
	EndGlobalSection
	GlobalSection(NestedProjects) = preSolution
		{83A91AB8-2C12-4B05-91DC-F30F1E291D5F} = {620C24EC-BB25-4E7F-B752-F05A8669F2E1}
		{E2ACC178-0E20-4C4C-9AAA-16F0203911DD} = {810FCF13-C16E-4B50-9715-A654E88E729A}
		{1CFE2DF3-AEF3-4A2E-AF9E-709D6B25F091} = {8CD8A219-5174-432B-9519-A76BC5909F3E}
		{E8514625-2661-45E2-8CEC-46C7B9C49972} = {31496BC3-F51A-4662-8456-9824097A7C4F}
	EndGlobalSection
	GlobalSection(ExtensibilityGlobals) = postSolution
		SolutionGuid = {31C852AD-3866-4F4B-B3EC-B8E23E673B36}
	EndGlobalSection
EndGlobal
